
Microsoft Visual Studio Solution File, Format Version 12.00
# Visual Studio 2013
VisualStudioVersion = 12.0.31101.0
MinimumVisualStudioVersion = 10.0.40219.1
Project("{FAE04EC0-301F-11D3-BF4B-00C04F79EFBC}") = "IBMApiAnaltycs", "IBMApiAnaltycs\IBMApiAnaltycs.csproj", "{CBE900DA-8898-47C8-8F44-A02B8045EA7D}"
EndProject
Global
	GlobalSection(SolutionConfigurationPlatforms) = preSolution
		Debug|Any CPU = Debug|Any CPU
		Release|Any CPU = Release|Any CPU
	EndGlobalSection
	GlobalSection(ProjectConfigurationPlatforms) = postSolution
		{CBE900DA-8898-47C8-8F44-A02B8045EA7D}.Debug|Any CPU.ActiveCfg = Debug|Any CPU
		{CBE900DA-8898-47C8-8F44-A02B8045EA7D}.Debug|Any CPU.Build.0 = Debug|Any CPU
		{CBE900DA-8898-47C8-8F44-A02B8045EA7D}.Release|Any CPU.ActiveCfg = Release|Any CPU
		{CBE900DA-8898-47C8-8F44-A02B8045EA7D}.Release|Any CPU.Build.0 = Release|Any CPU
	EndGlobalSection
	GlobalSection(SolutionProperties) = preSolution
		HideSolutionNode = FALSE
	EndGlobalSection
EndGlobal
